
Microsoft Visual Studio Solution File, Format Version 12.00
# Visual Studio 15
VisualStudioVersion = 15.0.28307.329
MinimumVisualStudioVersion = 10.0.40219.1
Project("{FAE04EC0-301F-11D3-BF4B-00C04F79EFBC}") = "WpfDependencyProperties", "WpfDependencyProperties\WpfDependencyProperties.csproj", "{9EE72901-874B-4104-B9AB-2DE629E3BF47}"
EndProject
Global
	GlobalSection(SolutionConfigurationPlatforms) = preSolution
		Debug|Any CPU = Debug|Any CPU
		Release|Any CPU = Release|Any CPU
	EndGlobalSection
	GlobalSection(ProjectConfigurationPlatforms) = postSolution
		{9EE72901-874B-4104-B9AB-2DE629E3BF47}.Debug|Any CPU.ActiveCfg = Debug|Any CPU
		{9EE72901-874B-4104-B9AB-2DE629E3BF47}.Debug|Any CPU.Build.0 = Debug|Any CPU
		{9EE72901-874B-4104-B9AB-2DE629E3BF47}.Release|Any CPU.ActiveCfg = Release|Any CPU
		{9EE72901-874B-4104-B9AB-2DE629E3BF47}.Release|Any CPU.Build.0 = Release|Any CPU
	EndGlobalSection
	GlobalSection(SolutionProperties) = preSolution
		HideSolutionNode = FALSE
	EndGlobalSection
	GlobalSection(ExtensibilityGlobals) = postSolution
		SolutionGuid = {FB586117-6D7A-4221-9AC0-7C3C2BCD0907}
	EndGlobalSection
EndGlobal
